// !$*UTF8*$!
{
	archiveVersion = 1;
	classes = {
	};
	objectVersion = 77;
	objects = {

/* Begin PBXFileReference section */
		776F685E2F703C97008934D2 /* libdylib.mac.card.dylib */ = {isa = PBXFileReference; explicitFileType = "compiled.mach-o.dylib"; includeInIndex = 0; path = libdylib.mac.card.dylib; sourceTree = BUILT_PRODUCTS_DIR; };
		7A8B0010 /* AppDelegate.h */ = {isa = PBXFileReference; lastKnownFileType = sourcecode.c.h; path = AppDelegate.h; sourceTree = "<group>"; };
		7A8B0011 /* AppDelegate.m */ = {isa = PBXFileReference; lastKnownFileType = sourcecode.c.objc; path = AppDelegate.m; sourceTree = "<group>"; };
		7A8B0012 /* main.m */ = {isa = PBXFileReference; lastKnownFileType = sourcecode.c.objc; path = main.m; sourceTree = "<group>"; };
		7A8B0013 /* Info.plist */ = {isa = PBXFileReference; lastKnownFileType = text.plist.xml; path = Info.plist; sourceTree = "<group>"; };
		7A8B0014 /* VerifyHost.app */ = {isa = PBXFileReference; explicitFileType = wrapper.application; includeInIndex = 0; path = VerifyHost.app; sourceTree = BUILT_PRODUCTS_DIR; };
		7A8B0060 /* Foundation.framework */ = {isa = PBXFileReference; lastKnownFileType = wrapper.framework; name = Foundation.framework; path = System/Library/Frameworks/Foundation.framework; sourceTree = SDKROOT; };
		7A8B0061 /* AppKit.framework */ = {isa = PBXFileReference; lastKnownFileType = wrapper.framework; name = AppKit.framework; path = System/Library/Frameworks/AppKit.framework; sourceTree = SDKROOT; };
/* End PBXFileReference section */

/* Begin PBXBuildFile section */
		7A8B0001 /* libdylib.mac.card.dylib in CopyFiles */ = {isa = PBXBuildFile; fileRef = 776F685E2F703C97008934D2 /* libdylib.mac.card.dylib */; settings = {ATTRIBUTES = (CodeSignOnCopy, ); }; };
		7A8B0002 /* AppDelegate.m in Sources */ = {isa = PBXBuildFile; fileRef = 7A8B0011 /* AppDelegate.m */; };
		7A8B0003 /* main.m in Sources */ = {isa = PBXBuildFile; fileRef = 7A8B0012 /* main.m */; };
		7A8B0004 /* Foundation.framework in Frameworks */ = {isa = PBXBuildFile; fileRef = 7A8B0060 /* Foundation.framework */; };
		7A8B0005 /* AppKit.framework in Frameworks */ = {isa = PBXBuildFile; fileRef = 7A8B0061 /* AppKit.framework */; };
/* End PBXBuildFile section */

/* Begin PBXFileSystemSynchronizedRootGroup section */
		776F68602F703C97008934D2 /* dylib.mac.card */ = {
			isa = PBXFileSystemSynchronizedRootGroup;
			path = dylib.mac.card;
			sourceTree = "<group>";
		};
/* End PBXFileSystemSynchronizedRootGroup section */

/* Begin PBXFrameworksBuildPhase section */
		776F685C2F703C97008934D2 /* Frameworks */ = {
			isa = PBXFrameworksBuildPhase;
			buildActionMask = 2147483647;
			files = (
			);
			runOnlyForDeploymentPostprocessing = 0;
		};
/* End PBXFrameworksBuildPhase section */

/* Begin PBXCopyFilesBuildPhase section */
		7A8B0020 /* Copy libdylib.mac.card.dylib */ = {
			isa = PBXCopyFilesBuildPhase;
			buildActionMask = 2147483647;
			dstPath = "";
			dstSubfolderSpec = 6;
			files = (
				7A8B0001 /* libdylib.mac.card.dylib in CopyFiles */,
			);
			name = "Copy libdylib.mac.card.dylib";
			runOnlyForDeploymentPostprocessing = 0;
		};
/* End PBXCopyFilesBuildPhase section */

/* Begin PBXGroup section */
		776F68552F703C97008934D2 = {
			isa = PBXGroup;
			children = (
				776F68602F703C97008934D2 /* dylib.mac.card */,
				7A8B0021 /* VerifyHost */,
				7A8B0062 /* Frameworks */,
				776F685F2F703C97008934D2 /* Products */,
			);
			sourceTree = "<group>";
		};
		7A8B0021 /* VerifyHost */ = {
			isa = PBXGroup;
			children = (
				7A8B0010 /* AppDelegate.h */,
				7A8B0011 /* AppDelegate.m */,
				7A8B0012 /* main.m */,
				7A8B0013 /* Info.plist */,
			);
			path = VerifyHost;
			sourceTree = "<group>";
		};
		7A8B0062 /* Frameworks */ = {
			isa = PBXGroup;
			children = (
				7A8B0060 /* Foundation.framework */,
				7A8B0061 /* AppKit.framework */,
			);
			name = Frameworks;
			sourceTree = "<group>";
		};
		776F685F2F703C97008934D2 /* Products */ = {
			isa = PBXGroup;
			children = (
				776F685E2F703C97008934D2 /* libdylib.mac.card.dylib */,
				7A8B0014 /* VerifyHost.app */,
			);
			name = Products;
			sourceTree = "<group>";
		};
/* End PBXGroup section */

/* Begin PBXHeadersBuildPhase section */
		776F685A2F703C97008934D2 /* Headers */ = {
			isa = PBXHeadersBuildPhase;
			buildActionMask = 2147483647;
			files = (
			);
			runOnlyForDeploymentPostprocessing = 0;
		};
/* End PBXHeadersBuildPhase section */

/* Begin PBXNativeTarget section */
		776F685D2F703C97008934D2 /* dylib.mac.card */ = {
			isa = PBXNativeTarget;
			buildConfigurationList = 776F68672F703C97008934D2 /* Build configuration list for PBXNativeTarget "dylib.mac.card" */;
			buildPhases = (
				776F685A2F703C97008934D2 /* Headers */,
				776F685B2F703C97008934D2 /* Sources */,
				776F685C2F703C97008934D2 /* Frameworks */,
			);
			buildRules = (
			);
			dependencies = (
			);
			fileSystemSynchronizedGroups = (
				776F68602F703C97008934D2 /* dylib.mac.card */,
			);
			name = dylib.mac.card;
			packageProductDependencies = (
			);
			productName = dylib.mac.card;
			productReference = 776F685E2F703C97008934D2 /* libdylib.mac.card.dylib */;
			productType = "com.apple.product-type.library.dynamic";
		};
		7A8B0030 /* VerifyHost */ = {
			isa = PBXNativeTarget;
			buildConfigurationList = 7A8B0052 /* Build configuration list for PBXNativeTarget "VerifyHost" */;
			buildPhases = (
				7A8B0022 /* Sources */,
				7A8B0023 /* Frameworks */,
				7A8B0020 /* Copy libdylib.mac.card.dylib */,
			);
			buildRules = (
			);
			dependencies = (
				7A8B0041 /* PBXTargetDependency */,
			);
			name = VerifyHost;
			packageProductDependencies = (
			);
			productName = VerifyHost;
			productReference = 7A8B0014 /* VerifyHost.app */;
			productType = "com.apple.product-type.application";
		};
/* End PBXNativeTarget section */

/* Begin PBXContainerItemProxy section */
		7A8B0040 /* PBXContainerItemProxy */ = {
			isa = PBXContainerItemProxy;
			containerPortal = 776F68562F703C97008934D2 /* Project object */;
			proxyType = 1;
			remoteGlobalIDString = 776F685D2F703C97008934D2;
			remoteInfo = "dylib.mac.card";
		};
/* End PBXContainerItemProxy section */

/* Begin PBXTargetDependency section */
		7A8B0041 /* PBXTargetDependency */ = {
			isa = PBXTargetDependency;
			target = 776F685D2F703C97008934D2 /* dylib.mac.card */;
			targetProxy = 7A8B0040 /* PBXContainerItemProxy */;
		};
/* End PBXTargetDependency section */

/* Begin PBXProject section */
		776F68562F703C97008934D2 /* Project object */ = {
			isa = PBXProject;
			attributes = {
				BuildIndependentTargetsInParallel = 1;
				LastUpgradeCheck = 1610;
				TargetAttributes = {
					776F685D2F703C97008934D2 = {
						CreatedOnToolsVersion = 16.1;
					};
					7A8B0030 = {
						CreatedOnToolsVersion = 16.1;
					};
				};
			};
			buildConfigurationList = 776F68592F703C97008934D2 /* Build configuration list for PBXProject "dylib.mac.card" */;
			developmentRegion = en;
			hasScannedForEncodings = 0;
			knownRegions = (
				en,
				Base,
			);
			mainGroup = 776F68552F703C97008934D2;
			minimizedProjectReferenceProxies = 1;
			preferredProjectObjectVersion = 77;
			productRefGroup = 776F685F2F703C97008934D2 /* Products */;
			projectDirPath = "";
			projectRoot = "";
			targets = (
				776F685D2F703C97008934D2 /* dylib.mac.card */,
				7A8B0030 /* VerifyHost */,
			);
		};
/* End PBXProject section */

/* Begin PBXSourcesBuildPhase section */
		776F685B2F703C97008934D2 /* Sources */ = {
			isa = PBXSourcesBuildPhase;
			buildActionMask = 2147483647;
			files = (
			);
			runOnlyForDeploymentPostprocessing = 0;
		};
/* End PBXSourcesBuildPhase section */

/* Begin PBXSourcesBuildPhase section */
		7A8B0022 /* Sources */ = {
			isa = PBXSourcesBuildPhase;
			buildActionMask = 2147483647;
			files = (
				7A8B0003 /* main.m in Sources */,
				7A8B0002 /* AppDelegate.m in Sources */,
			);
			runOnlyForDeploymentPostprocessing = 0;
		};
/* End PBXSourcesBuildPhase section */

/* Begin PBXFrameworksBuildPhase section */
		7A8B0023 /* Frameworks */ = {
			isa = PBXFrameworksBuildPhase;
			buildActionMask = 2147483647;
			files = (
				7A8B0004 /* Foundation.framework in Frameworks */,
				7A8B0005 /* AppKit.framework in Frameworks */,
			);
			runOnlyForDeploymentPostprocessing = 0;
		};
/* End PBXFrameworksBuildPhase section */

/* Begin XCBuildConfiguration section */
		776F68652F703C97008934D2 /* Debug */ = {
			isa = XCBuildConfiguration;
			buildSettings = {
				ALWAYS_SEARCH_USER_PATHS = NO;
				ASSETCATALOG_COMPILER_GENERATE_SWIFT_ASSET_SYMBOL_EXTENSIONS = YES;
				CLANG_ANALYZER_NONNULL = YES;
				CLANG_ANALYZER_NUMBER_OBJECT_CONVERSION = YES_AGGRESSIVE;
				CLANG_CXX_LANGUAGE_STANDARD = "gnu++20";
				CLANG_ENABLE_MODULES = YES;
				CLANG_ENABLE_OBJC_ARC = YES;
				CLANG_ENABLE_OBJC_WEAK = YES;
				CLANG_WARN_BLOCK_CAPTURE_AUTORELEASING = YES;
				CLANG_WARN_BOOL_CONVERSION = YES;
				CLANG_WARN_COMMA = YES;
				CLANG_WARN_CONSTANT_CONVERSION = YES;
				CLANG_WARN_DEPRECATED_OBJC_IMPLEMENTATIONS = YES;
				CLANG_WARN_DIRECT_OBJC_ISA_USAGE = YES_ERROR;
				CLANG_WARN_DOCUMENTATION_COMMENTS = YES;
				CLANG_WARN_EMPTY_BODY = YES;
				CLANG_WARN_ENUM_CONVERSION = YES;
				CLANG_WARN_INFINITE_RECURSION = YES;
				CLANG_WARN_INT_CONVERSION = YES;
				CLANG_WARN_NON_LITERAL_NULL_CONVERSION = YES;
				CLANG_WARN_OBJC_IMPLICIT_RETAIN_SELF = YES;
				CLANG_WARN_OBJC_LITERAL_CONVERSION = YES;
				CLANG_WARN_OBJC_ROOT_CLASS = YES_ERROR;
				CLANG_WARN_QUOTED_INCLUDE_IN_FRAMEWORK_HEADER = YES;
				CLANG_WARN_RANGE_LOOP_ANALYSIS = YES;
				CLANG_WARN_STRICT_PROTOTYPES = YES;
				CLANG_WARN_SUSPICIOUS_MOVE = YES;
				CLANG_WARN_UNGUARDED_AVAILABILITY = YES_AGGRESSIVE;
				CLANG_WARN_UNREACHABLE_CODE = YES;
				CLANG_WARN__DUPLICATE_METHOD_MATCH = YES;
				COPY_PHASE_STRIP = NO;
				DEBUG_INFORMATION_FORMAT = dwarf;
				ENABLE_STRICT_OBJC_MSGSEND = YES;
				ENABLE_TESTABILITY = YES;
				ENABLE_USER_SCRIPT_SANDBOXING = YES;
				GCC_C_LANGUAGE_STANDARD = gnu17;
				GCC_DYNAMIC_NO_PIC = NO;
				GCC_NO_COMMON_BLOCKS = YES;
				GCC_OPTIMIZATION_LEVEL = 0;
				GCC_PREPROCESSOR_DEFINITIONS = (
					"DEBUG=1",
					"$(inherited)",
				);
				GCC_WARN_64_TO_32_BIT_CONVERSION = YES;
				GCC_WARN_ABOUT_RETURN_TYPE = YES_ERROR;
				GCC_WARN_UNDECLARED_SELECTOR = YES;
				GCC_WARN_UNINITIALIZED_AUTOS = YES_AGGRESSIVE;
				GCC_WARN_UNUSED_FUNCTION = YES;
				GCC_WARN_UNUSED_VARIABLE = YES;
				LOCALIZATION_PREFERS_STRING_CATALOGS = YES;
				MACOSX_DEPLOYMENT_TARGET = 14.6;
				MTL_ENABLE_DEBUG_INFO = INCLUDE_SOURCE;
				MTL_FAST_MATH = YES;
				ONLY_ACTIVE_ARCH = YES;
				SDKROOT = macosx;
			};
			name = Debug;
		};
		776F68662F703C97008934D2 /* Release */ = {
			isa = XCBuildConfiguration;
			buildSettings = {
				ALWAYS_SEARCH_USER_PATHS = NO;
				ASSETCATALOG_COMPILER_GENERATE_SWIFT_ASSET_SYMBOL_EXTENSIONS = YES;
				CLANG_ANALYZER_NONNULL = YES;
				CLANG_ANALYZER_NUMBER_OBJECT_CONVERSION = YES_AGGRESSIVE;
				CLANG_CXX_LANGUAGE_STANDARD = "gnu++20";
				CLANG_ENABLE_MODULES = YES;
				CLANG_ENABLE_OBJC_ARC = YES;
				CLANG_ENABLE_OBJC_WEAK = YES;
				CLANG_WARN_BLOCK_CAPTURE_AUTORELEASING = YES;
				CLANG_WARN_BOOL_CONVERSION = YES;
				CLANG_WARN_COMMA = YES;
				CLANG_WARN_CONSTANT_CONVERSION = YES;
				CLANG_WARN_DEPRECATED_OBJC_IMPLEMENTATIONS = YES;
				CLANG_WARN_DIRECT_OBJC_ISA_USAGE = YES_ERROR;
				CLANG_WARN_DOCUMENTATION_COMMENTS = YES;
				CLANG_WARN_EMPTY_BODY = YES;
				CLANG_WARN_ENUM_CONVERSION = YES;
				CLANG_WARN_INFINITE_RECURSION = YES;
				CLANG_WARN_INT_CONVERSION = YES;
				CLANG_WARN_NON_LITERAL_NULL_CONVERSION = YES;
				CLANG_WARN_OBJC_IMPLICIT_RETAIN_SELF = YES;
				CLANG_WARN_OBJC_LITERAL_CONVERSION = YES;
				CLANG_WARN_OBJC_ROOT_CLASS = YES_ERROR;
				CLANG_WARN_QUOTED_INCLUDE_IN_FRAMEWORK_HEADER = YES;
				CLANG_WARN_RANGE_LOOP_ANALYSIS = YES;
				CLANG_WARN_STRICT_PROTOTYPES = YES;
				CLANG_WARN_SUSPICIOUS_MOVE = YES;
				CLANG_WARN_UNGUARDED_AVAILABILITY = YES_AGGRESSIVE;
				CLANG_WARN_UNREACHABLE_CODE = YES;
				CLANG_WARN__DUPLICATE_METHOD_MATCH = YES;
				COPY_PHASE_STRIP = NO;
				DEBUG_INFORMATION_FORMAT = "dwarf-with-dsym";
				ENABLE_NS_ASSERTIONS = NO;
				ENABLE_STRICT_OBJC_MSGSEND = YES;
				ENABLE_USER_SCRIPT_SANDBOXING = YES;
				GCC_C_LANGUAGE_STANDARD = gnu17;
				GCC_NO_COMMON_BLOCKS = YES;
				GCC_WARN_64_TO_32_BIT_CONVERSION = YES;
				GCC_WARN_ABOUT_RETURN_TYPE = YES_ERROR;
				GCC_WARN_UNDECLARED_SELECTOR = YES;
				GCC_WARN_UNINITIALIZED_AUTOS = YES_AGGRESSIVE;
				GCC_WARN_UNUSED_FUNCTION = YES;
				GCC_WARN_UNUSED_VARIABLE = YES;
				LOCALIZATION_PREFERS_STRING_CATALOGS = YES;
				MACOSX_DEPLOYMENT_TARGET = 14.6;
				MTL_ENABLE_DEBUG_INFO = NO;
				MTL_FAST_MATH = YES;
				SDKROOT = macosx;
			};
			name = Release;
		};
		776F68682F703C97008934D2 /* Debug */ = {
			isa = XCBuildConfiguration;
			buildSettings = {
				CODE_SIGN_STYLE = Automatic;
				DYLIB_COMPATIBILITY_VERSION = 1;
				DYLIB_CURRENT_VERSION = 1;
				EXECUTABLE_PREFIX = lib;
				OTHER_LDFLAGS = (
					"$(inherited)",
					"-framework",
					AppKit,
					"-framework",
					IOKit,
					"-framework",
					Security,
				);
				PRODUCT_NAME = "$(TARGET_NAME)";
				PRODUCT_MODULE_NAME = dylib_mac_card;
				SKIP_INSTALL = YES;
				SWIFT_OBJC_INTERFACE_HEADER_NAME = "dylib_mac_card-Swift.h";
				SWIFT_VERSION = 5.0;
			};
			name = Debug;
		};
		776F68692F703C97008934D2 /* Release */ = {
			isa = XCBuildConfiguration;
			buildSettings = {
				CODE_SIGN_STYLE = Automatic;
				DYLIB_COMPATIBILITY_VERSION = 1;
				DYLIB_CURRENT_VERSION = 1;
				EXECUTABLE_PREFIX = lib;
				OTHER_LDFLAGS = (
					"$(inherited)",
					"-framework",
					AppKit,
					"-framework",
					IOKit,
					"-framework",
					Security,
				);
				PRODUCT_NAME = "$(TARGET_NAME)";
				PRODUCT_MODULE_NAME = dylib_mac_card;
				SKIP_INSTALL = YES;
				SWIFT_OBJC_INTERFACE_HEADER_NAME = "dylib_mac_card-Swift.h";
				SWIFT_VERSION = 5.0;
			};
			name = Release;
		};
		7A8B0050 /* Debug */ = {
			isa = XCBuildConfiguration;
			buildSettings = {
				ASSETCATALOG_COMPILER_APPICON_NAME = "";
				CODE_SIGN_STYLE = Automatic;
				COMBINE_HIDPI_IMAGES = YES;
				CURRENT_PROJECT_VERSION = 1;
				GENERATE_INFOPLIST_FILE = NO;
				INFOPLIST_FILE = VerifyHost/Info.plist;
				INFOPLIST_KEY_CFBundleDisplayName = VerifyHost;
				LD_RUNPATH_SEARCH_PATHS = (
					"$(inherited)",
					"@executable_path/../Frameworks",
				);
				MACOSX_DEPLOYMENT_TARGET = 14.6;
				MARKETING_VERSION = 1.0;
				PRODUCT_BUNDLE_IDENTIFIER = com.bsphp.dylib.mac.card.verifyhost;
				PRODUCT_NAME = "$(TARGET_NAME)";
			};
			name = Debug;
		};
		7A8B0051 /* Release */ = {
			isa = XCBuildConfiguration;
			buildSettings = {
				ASSETCATALOG_COMPILER_APPICON_NAME = "";
				CODE_SIGN_STYLE = Automatic;
				COMBINE_HIDPI_IMAGES = YES;
				CURRENT_PROJECT_VERSION = 1;
				GENERATE_INFOPLIST_FILE = NO;
				INFOPLIST_FILE = VerifyHost/Info.plist;
				INFOPLIST_KEY_CFBundleDisplayName = VerifyHost;
				LD_RUNPATH_SEARCH_PATHS = (
					"$(inherited)",
					"@executable_path/../Frameworks",
				);
				MACOSX_DEPLOYMENT_TARGET = 14.6;
				MARKETING_VERSION = 1.0;
				PRODUCT_BUNDLE_IDENTIFIER = com.bsphp.dylib.mac.card.verifyhost;
				PRODUCT_NAME = "$(TARGET_NAME)";
			};
			name = Release;
		};
/* End XCBuildConfiguration section */

/* Begin XCConfigurationList section */
		776F68592F703C97008934D2 /* Build configuration list for PBXProject "dylib.mac.card" */ = {
			isa = XCConfigurationList;
			buildConfigurations = (
				776F68652F703C97008934D2 /* Debug */,
				776F68662F703C97008934D2 /* Release */,
			);
			defaultConfigurationIsVisible = 0;
			defaultConfigurationName = Release;
		};
		776F68672F703C97008934D2 /* Build configuration list for PBXNativeTarget "dylib.mac.card" */ = {
			isa = XCConfigurationList;
			buildConfigurations = (
				776F68682F703C97008934D2 /* Debug */,
				776F68692F703C97008934D2 /* Release */,
			);
			defaultConfigurationIsVisible = 0;
			defaultConfigurationName = Release;
		};
		7A8B0052 /* Build configuration list for PBXNativeTarget "VerifyHost" */ = {
			isa = XCConfigurationList;
			buildConfigurations = (
				7A8B0050 /* Debug */,
				7A8B0051 /* Release */,
			);
			defaultConfigurationIsVisible = 0;
			defaultConfigurationName = Release;
		};
/* End XCConfigurationList section */
	};
	rootObject = 776F68562F703C97008934D2 /* Project object */;
}
