// !$*UTF8*$!
{
	archiveVersion = 1;
	classes = {
	};
	objectVersion = 77;
	objects = {

/* Begin PBXContainerItemProxy section */
		7767227C2F6D9E970038D37C /* PBXContainerItemProxy */ = {
			isa = PBXContainerItemProxy;
			containerPortal = 776722632F6D9E960038D37C /* Project object */;
			proxyType = 1;
			remoteGlobalIDString = 7767226A2F6D9E960038D37C;
			remoteInfo = bsphp.app.demo.user;
		};
		776722862F6D9E970038D37C /* PBXContainerItemProxy */ = {
			isa = PBXContainerItemProxy;
			containerPortal = 776722632F6D9E960038D37C /* Project object */;
			proxyType = 1;
			remoteGlobalIDString = 7767226A2F6D9E960038D37C;
			remoteInfo = bsphp.app.demo.user;
		};
/* End PBXContainerItemProxy section */

/* Begin PBXFileReference section */
		7767226B2F6D9E960038D37C /* bsphp.app.demo.user.app */ = {isa = PBXFileReference; explicitFileType = wrapper.application; includeInIndex = 0; path = bsphp.app.demo.user.app; sourceTree = BUILT_PRODUCTS_DIR; };
		7767227B2F6D9E970038D37C /* bsphp.app.demo.userTests.xctest */ = {isa = PBXFileReference; explicitFileType = wrapper.cfbundle; includeInIndex = 0; path = bsphp.app.demo.userTests.xctest; sourceTree = BUILT_PRODUCTS_DIR; };
		776722852F6D9E970038D37C /* bsphp.app.demo.userUITests.xctest */ = {isa = PBXFileReference; explicitFileType = wrapper.cfbundle; includeInIndex = 0; path = bsphp.app.demo.userUITests.xctest; sourceTree = BUILT_PRODUCTS_DIR; };
/* End PBXFileReference section */

/* Begin PBXFileSystemSynchronizedRootGroup section */
		7767226D2F6D9E960038D37C /* bsphp.app.demo.user */ = {
			isa = PBXFileSystemSynchronizedRootGroup;
			path = bsphp.app.demo.user;
			sourceTree = "<group>";
		};
		7767227E2F6D9E970038D37C /* bsphp.app.demo.userTests */ = {
			isa = PBXFileSystemSynchronizedRootGroup;
			path = bsphp.app.demo.userTests;
			sourceTree = "<group>";
		};
		776722882F6D9E970038D37C /* bsphp.app.demo.userUITests */ = {
			isa = PBXFileSystemSynchronizedRootGroup;
			path = bsphp.app.demo.userUITests;
			sourceTree = "<group>";
		};
/* End PBXFileSystemSynchronizedRootGroup section */

/* Begin PBXFrameworksBuildPhase section */
		776722682F6D9E960038D37C /* Frameworks */ = {
			isa = PBXFrameworksBuildPhase;
			buildActionMask = 2147483647;
			files = (
			);
			runOnlyForDeploymentPostprocessing = 0;
		};
		776722782F6D9E970038D37C /* Frameworks */ = {
			isa = PBXFrameworksBuildPhase;
			buildActionMask = 2147483647;
			files = (
			);
			runOnlyForDeploymentPostprocessing = 0;
		};
		776722822F6D9E970038D37C /* Frameworks */ = {
			isa = PBXFrameworksBuildPhase;
			buildActionMask = 2147483647;
			files = (
			);
			runOnlyForDeploymentPostprocessing = 0;
		};
/* End PBXFrameworksBuildPhase section */

/* Begin PBXGroup section */
		776722622F6D9E960038D37C = {
			isa = PBXGroup;
			children = (
				7767226D2F6D9E960038D37C /* bsphp.app.demo.user */,
				7767227E2F6D9E970038D37C /* bsphp.app.demo.userTests */,
				776722882F6D9E970038D37C /* bsphp.app.demo.userUITests */,
				7767226C2F6D9E960038D37C /* Products */,
			);
			sourceTree = "<group>";
		};
		7767226C2F6D9E960038D37C /* Products */ = {
			isa = PBXGroup;
			children = (
				7767226B2F6D9E960038D37C /* bsphp.app.demo.user.app */,
				7767227B2F6D9E970038D37C /* bsphp.app.demo.userTests.xctest */,
				776722852F6D9E970038D37C /* bsphp.app.demo.userUITests.xctest */,
			);
			name = Products;
			sourceTree = "<group>";
		};
/* End PBXGroup section */

/* Begin PBXNativeTarget section */
		7767226A2F6D9E960038D37C /* bsphp.app.demo.user */ = {
			isa = PBXNativeTarget;
			buildConfigurationList = 7767228F2F6D9E970038D37C /* Build configuration list for PBXNativeTarget "bsphp.app.demo.user" */;
			buildPhases = (
				776722672F6D9E960038D37C /* Sources */,
				776722682F6D9E960038D37C /* Frameworks */,
				776722692F6D9E960038D37C /* Resources */,
			);
			buildRules = (
			);
			dependencies = (
			);
			fileSystemSynchronizedGroups = (
				7767226D2F6D9E960038D37C /* bsphp.app.demo.user */,
			);
			name = bsphp.app.demo.user;
			packageProductDependencies = (
			);
			productName = bsphp.app.demo.user;
			productReference = 7767226B2F6D9E960038D37C /* bsphp.app.demo.user.app */;
			productType = "com.apple.product-type.application";
		};
		7767227A2F6D9E970038D37C /* bsphp.app.demo.userTests */ = {
			isa = PBXNativeTarget;
			buildConfigurationList = 776722922F6D9E970038D37C /* Build configuration list for PBXNativeTarget "bsphp.app.demo.userTests" */;
			buildPhases = (
				776722772F6D9E970038D37C /* Sources */,
				776722782F6D9E970038D37C /* Frameworks */,
				776722792F6D9E970038D37C /* Resources */,
			);
			buildRules = (
			);
			dependencies = (
				7767227D2F6D9E970038D37C /* PBXTargetDependency */,
			);
			fileSystemSynchronizedGroups = (
				7767227E2F6D9E970038D37C /* bsphp.app.demo.userTests */,
			);
			name = bsphp.app.demo.userTests;
			packageProductDependencies = (
			);
			productName = bsphp.app.demo.userTests;
			productReference = 7767227B2F6D9E970038D37C /* bsphp.app.demo.userTests.xctest */;
			productType = "com.apple.product-type.bundle.unit-test";
		};
		776722842F6D9E970038D37C /* bsphp.app.demo.userUITests */ = {
			isa = PBXNativeTarget;
			buildConfigurationList = 776722952F6D9E970038D37C /* Build configuration list for PBXNativeTarget "bsphp.app.demo.userUITests" */;
			buildPhases = (
				776722812F6D9E970038D37C /* Sources */,
				776722822F6D9E970038D37C /* Frameworks */,
				776722832F6D9E970038D37C /* Resources */,
			);
			buildRules = (
			);
			dependencies = (
				776722872F6D9E970038D37C /* PBXTargetDependency */,
			);
			fileSystemSynchronizedGroups = (
				776722882F6D9E970038D37C /* bsphp.app.demo.userUITests */,
			);
			name = bsphp.app.demo.userUITests;
			packageProductDependencies = (
			);
			productName = bsphp.app.demo.userUITests;
			productReference = 776722852F6D9E970038D37C /* bsphp.app.demo.userUITests.xctest */;
			productType = "com.apple.product-type.bundle.ui-testing";
		};
/* End PBXNativeTarget section */

/* Begin PBXProject section */
		776722632F6D9E960038D37C /* Project object */ = {
			isa = PBXProject;
			attributes = {
				BuildIndependentTargetsInParallel = 1;
				LastSwiftUpdateCheck = 1610;
				LastUpgradeCheck = 1610;
				TargetAttributes = {
					7767226A2F6D9E960038D37C = {
						CreatedOnToolsVersion = 16.1;
					};
					7767227A2F6D9E970038D37C = {
						CreatedOnToolsVersion = 16.1;
						TestTargetID = 7767226A2F6D9E960038D37C;
					};
					776722842F6D9E970038D37C = {
						CreatedOnToolsVersion = 16.1;
						TestTargetID = 7767226A2F6D9E960038D37C;
					};
				};
			};
			buildConfigurationList = 776722662F6D9E960038D37C /* Build configuration list for PBXProject "bsphp.app.demo.user" */;
			developmentRegion = en;
			hasScannedForEncodings = 0;
			knownRegions = (
				en,
				Base,
			);
			mainGroup = 776722622F6D9E960038D37C;
			minimizedProjectReferenceProxies = 1;
			preferredProjectObjectVersion = 77;
			productRefGroup = 7767226C2F6D9E960038D37C /* Products */;
			projectDirPath = "";
			projectRoot = "";
			targets = (
				7767226A2F6D9E960038D37C /* bsphp.app.demo.user */,
				7767227A2F6D9E970038D37C /* bsphp.app.demo.userTests */,
				776722842F6D9E970038D37C /* bsphp.app.demo.userUITests */,
			);
		};
/* End PBXProject section */

/* Begin PBXResourcesBuildPhase section */
		776722692F6D9E960038D37C /* Resources */ = {
			isa = PBXResourcesBuildPhase;
			buildActionMask = 2147483647;
			files = (
			);
			runOnlyForDeploymentPostprocessing = 0;
		};
		776722792F6D9E970038D37C /* Resources */ = {
			isa = PBXResourcesBuildPhase;
			buildActionMask = 2147483647;
			files = (
			);
			runOnlyForDeploymentPostprocessing = 0;
		};
		776722832F6D9E970038D37C /* Resources */ = {
			isa = PBXResourcesBuildPhase;
			buildActionMask = 2147483647;
			files = (
			);
			runOnlyForDeploymentPostprocessing = 0;
		};
/* End PBXResourcesBuildPhase section */

/* Begin PBXSourcesBuildPhase section */
		776722672F6D9E960038D37C /* Sources */ = {
			isa = PBXSourcesBuildPhase;
			buildActionMask = 2147483647;
			files = (
			);
			runOnlyForDeploymentPostprocessing = 0;
		};
		776722772F6D9E970038D37C /* Sources */ = {
			isa = PBXSourcesBuildPhase;
			buildActionMask = 2147483647;
			files = (
			);
			runOnlyForDeploymentPostprocessing = 0;
		};
		776722812F6D9E970038D37C /* Sources */ = {
			isa = PBXSourcesBuildPhase;
			buildActionMask = 2147483647;
			files = (
			);
			runOnlyForDeploymentPostprocessing = 0;
		};
/* End PBXSourcesBuildPhase section */

/* Begin PBXTargetDependency section */
		7767227D2F6D9E970038D37C /* PBXTargetDependency */ = {
			isa = PBXTargetDependency;
			target = 7767226A2F6D9E960038D37C /* bsphp.app.demo.user */;
			targetProxy = 7767227C2F6D9E970038D37C /* PBXContainerItemProxy */;
		};
		776722872F6D9E970038D37C /* PBXTargetDependency */ = {
			isa = PBXTargetDependency;
			target = 7767226A2F6D9E960038D37C /* bsphp.app.demo.user */;
			targetProxy = 776722862F6D9E970038D37C /* PBXContainerItemProxy */;
		};
/* End PBXTargetDependency section */

/* Begin XCBuildConfiguration section */
		7767228D2F6D9E970038D37C /* Debug */ = {
			isa = XCBuildConfiguration;
			buildSettings = {
				ALWAYS_SEARCH_USER_PATHS = NO;
				ASSETCATALOG_COMPILER_GENERATE_SWIFT_ASSET_SYMBOL_EXTENSIONS = YES;
				CLANG_ANALYZER_NONNULL = YES;
				CLANG_ANALYZER_NUMBER_OBJECT_CONVERSION = YES_AGGRESSIVE;
				CLANG_CXX_LANGUAGE_STANDARD = "gnu++20";
				CLANG_ENABLE_MODULES = YES;
				CLANG_ENABLE_OBJC_ARC = YES;
				CLANG_ENABLE_OBJC_WEAK = YES;
				CLANG_WARN_BLOCK_CAPTURE_AUTORELEASING = YES;
				CLANG_WARN_BOOL_CONVERSION = YES;
				CLANG_WARN_COMMA = YES;
				CLANG_WARN_CONSTANT_CONVERSION = YES;
				CLANG_WARN_DEPRECATED_OBJC_IMPLEMENTATIONS = YES;
				CLANG_WARN_DIRECT_OBJC_ISA_USAGE = YES_ERROR;
				CLANG_WARN_DOCUMENTATION_COMMENTS = YES;
				CLANG_WARN_EMPTY_BODY = YES;
				CLANG_WARN_ENUM_CONVERSION = YES;
				CLANG_WARN_INFINITE_RECURSION = YES;
				CLANG_WARN_INT_CONVERSION = YES;
				CLANG_WARN_NON_LITERAL_NULL_CONVERSION = YES;
				CLANG_WARN_OBJC_IMPLICIT_RETAIN_SELF = YES;
				CLANG_WARN_OBJC_LITERAL_CONVERSION = YES;
				CLANG_WARN_OBJC_ROOT_CLASS = YES_ERROR;
				CLANG_WARN_QUOTED_INCLUDE_IN_FRAMEWORK_HEADER = YES;
				CLANG_WARN_RANGE_LOOP_ANALYSIS = YES;
				CLANG_WARN_STRICT_PROTOTYPES = YES;
				CLANG_WARN_SUSPICIOUS_MOVE = YES;
				CLANG_WARN_UNGUARDED_AVAILABILITY = YES_AGGRESSIVE;
				CLANG_WARN_UNREACHABLE_CODE = YES;
				CLANG_WARN__DUPLICATE_METHOD_MATCH = YES;
				COPY_PHASE_STRIP = NO;
				DEBUG_INFORMATION_FORMAT = dwarf;
				ENABLE_STRICT_OBJC_MSGSEND = YES;
				ENABLE_TESTABILITY = YES;
				ENABLE_USER_SCRIPT_SANDBOXING = YES;
				GCC_C_LANGUAGE_STANDARD = gnu17;
				GCC_DYNAMIC_NO_PIC = NO;
				GCC_NO_COMMON_BLOCKS = YES;
				GCC_OPTIMIZATION_LEVEL = 0;
				GCC_PREPROCESSOR_DEFINITIONS = (
					"DEBUG=1",
					"$(inherited)",
				);
				GCC_WARN_64_TO_32_BIT_CONVERSION = YES;
				GCC_WARN_ABOUT_RETURN_TYPE = YES_ERROR;
				GCC_WARN_UNDECLARED_SELECTOR = YES;
				GCC_WARN_UNINITIALIZED_AUTOS = YES_AGGRESSIVE;
				GCC_WARN_UNUSED_FUNCTION = YES;
				GCC_WARN_UNUSED_VARIABLE = YES;
				IPHONEOS_DEPLOYMENT_TARGET = 18.1;
				LOCALIZATION_PREFERS_STRING_CATALOGS = YES;
				MTL_ENABLE_DEBUG_INFO = INCLUDE_SOURCE;
				MTL_FAST_MATH = YES;
				ONLY_ACTIVE_ARCH = YES;
				SDKROOT = iphoneos;
				SWIFT_ACTIVE_COMPILATION_CONDITIONS = "DEBUG $(inherited)";
				SWIFT_OPTIMIZATION_LEVEL = "-Onone";
			};
			name = Debug;
		};
		7767228E2F6D9E970038D37C /* Release */ = {
			isa = XCBuildConfiguration;
			buildSettings = {
				ALWAYS_SEARCH_USER_PATHS = NO;
				ASSETCATALOG_COMPILER_GENERATE_SWIFT_ASSET_SYMBOL_EXTENSIONS = YES;
				CLANG_ANALYZER_NONNULL = YES;
				CLANG_ANALYZER_NUMBER_OBJECT_CONVERSION = YES_AGGRESSIVE;
				CLANG_CXX_LANGUAGE_STANDARD = "gnu++20";
				CLANG_ENABLE_MODULES = YES;
				CLANG_ENABLE_OBJC_ARC = YES;
				CLANG_ENABLE_OBJC_WEAK = YES;
				CLANG_WARN_BLOCK_CAPTURE_AUTORELEASING = YES;
				CLANG_WARN_BOOL_CONVERSION = YES;
				CLANG_WARN_COMMA = YES;
				CLANG_WARN_CONSTANT_CONVERSION = YES;
				CLANG_WARN_DEPRECATED_OBJC_IMPLEMENTATIONS = YES;
				CLANG_WARN_DIRECT_OBJC_ISA_USAGE = YES_ERROR;
				CLANG_WARN_DOCUMENTATION_COMMENTS = YES;
				CLANG_WARN_EMPTY_BODY = YES;
				CLANG_WARN_ENUM_CONVERSION = YES;
				CLANG_WARN_INFINITE_RECURSION = YES;
				CLANG_WARN_INT_CONVERSION = YES;
				CLANG_WARN_NON_LITERAL_NULL_CONVERSION = YES;
				CLANG_WARN_OBJC_IMPLICIT_RETAIN_SELF = YES;
				CLANG_WARN_OBJC_LITERAL_CONVERSION = YES;
				CLANG_WARN_OBJC_ROOT_CLASS = YES_ERROR;
				CLANG_WARN_QUOTED_INCLUDE_IN_FRAMEWORK_HEADER = YES;
				CLANG_WARN_RANGE_LOOP_ANALYSIS = YES;
				CLANG_WARN_STRICT_PROTOTYPES = YES;
				CLANG_WARN_SUSPICIOUS_MOVE = YES;
				CLANG_WARN_UNGUARDED_AVAILABILITY = YES_AGGRESSIVE;
				CLANG_WARN_UNREACHABLE_CODE = YES;
				CLANG_WARN__DUPLICATE_METHOD_MATCH = YES;
				COPY_PHASE_STRIP = NO;
				DEBUG_INFORMATION_FORMAT = "dwarf-with-dsym";
				ENABLE_NS_ASSERTIONS = NO;
				ENABLE_STRICT_OBJC_MSGSEND = YES;
				ENABLE_USER_SCRIPT_SANDBOXING = YES;
				GCC_C_LANGUAGE_STANDARD = gnu17;
				GCC_NO_COMMON_BLOCKS = YES;
				GCC_WARN_64_TO_32_BIT_CONVERSION = YES;
				GCC_WARN_ABOUT_RETURN_TYPE = YES_ERROR;
				GCC_WARN_UNDECLARED_SELECTOR = YES;
				GCC_WARN_UNINITIALIZED_AUTOS = YES_AGGRESSIVE;
				GCC_WARN_UNUSED_FUNCTION = YES;
				GCC_WARN_UNUSED_VARIABLE = YES;
				IPHONEOS_DEPLOYMENT_TARGET = 18.1;
				LOCALIZATION_PREFERS_STRING_CATALOGS = YES;
				MTL_ENABLE_DEBUG_INFO = NO;
				MTL_FAST_MATH = YES;
				SDKROOT = iphoneos;
				SWIFT_COMPILATION_MODE = wholemodule;
				VALIDATE_PRODUCT = YES;
			};
			name = Release;
		};
		776722902F6D9E970038D37C /* Debug */ = {
			isa = XCBuildConfiguration;
			buildSettings = {
				ASSETCATALOG_COMPILER_APPICON_NAME = AppIcon;
				ASSETCATALOG_COMPILER_GLOBAL_ACCENT_COLOR_NAME = AccentColor;
				CODE_SIGN_STYLE = Automatic;
				CURRENT_PROJECT_VERSION = 1;
				DEVELOPMENT_ASSET_PATHS = "\"bsphp.app.demo.user/Preview Content\"";
				ENABLE_PREVIEWS = YES;
				GENERATE_INFOPLIST_FILE = YES;
				INFOPLIST_KEY_UIApplicationSceneManifest_Generation = YES;
				INFOPLIST_KEY_UIApplicationSupportsIndirectInputEvents = YES;
				INFOPLIST_KEY_UILaunchScreen_Generation = YES;
				INFOPLIST_KEY_UISupportedInterfaceOrientations_iPad = "UIInterfaceOrientationPortrait UIInterfaceOrientationPortraitUpsideDown UIInterfaceOrientationLandscapeLeft UIInterfaceOrientationLandscapeRight";
				INFOPLIST_KEY_UISupportedInterfaceOrientations_iPhone = "UIInterfaceOrientationPortrait UIInterfaceOrientationLandscapeLeft UIInterfaceOrientationLandscapeRight";
				LD_RUNPATH_SEARCH_PATHS = (
					"$(inherited)",
					"@executable_path/Frameworks",
				);
				MARKETING_VERSION = 1.0;
				PRODUCT_BUNDLE_IDENTIFIER = "zez.bsphp-app-demo-user";
				PRODUCT_NAME = "$(TARGET_NAME)";
				SWIFT_EMIT_LOC_STRINGS = YES;
				SWIFT_VERSION = 5.0;
				TARGETED_DEVICE_FAMILY = "1,2";
			};
			name = Debug;
		};
		776722912F6D9E970038D37C /* Release */ = {
			isa = XCBuildConfiguration;
			buildSettings = {
				ASSETCATALOG_COMPILER_APPICON_NAME = AppIcon;
				ASSETCATALOG_COMPILER_GLOBAL_ACCENT_COLOR_NAME = AccentColor;
				CODE_SIGN_STYLE = Automatic;
				CURRENT_PROJECT_VERSION = 1;
				DEVELOPMENT_ASSET_PATHS = "\"bsphp.app.demo.user/Preview Content\"";
				ENABLE_PREVIEWS = YES;
				GENERATE_INFOPLIST_FILE = YES;
				INFOPLIST_KEY_UIApplicationSceneManifest_Generation = YES;
				INFOPLIST_KEY_UIApplicationSupportsIndirectInputEvents = YES;
				INFOPLIST_KEY_UILaunchScreen_Generation = YES;
				INFOPLIST_KEY_UISupportedInterfaceOrientations_iPad = "UIInterfaceOrientationPortrait UIInterfaceOrientationPortraitUpsideDown UIInterfaceOrientationLandscapeLeft UIInterfaceOrientationLandscapeRight";
				INFOPLIST_KEY_UISupportedInterfaceOrientations_iPhone = "UIInterfaceOrientationPortrait UIInterfaceOrientationLandscapeLeft UIInterfaceOrientationLandscapeRight";
				LD_RUNPATH_SEARCH_PATHS = (
					"$(inherited)",
					"@executable_path/Frameworks",
				);
				MARKETING_VERSION = 1.0;
				PRODUCT_BUNDLE_IDENTIFIER = "zez.bsphp-app-demo-user";
				PRODUCT_NAME = "$(TARGET_NAME)";
				SWIFT_EMIT_LOC_STRINGS = YES;
				SWIFT_VERSION = 5.0;
				TARGETED_DEVICE_FAMILY = "1,2";
			};
			name = Release;
		};
		776722932F6D9E970038D37C /* Debug */ = {
			isa = XCBuildConfiguration;
			buildSettings = {
				BUNDLE_LOADER = "$(TEST_HOST)";
				CODE_SIGN_STYLE = Automatic;
				CURRENT_PROJECT_VERSION = 1;
				GENERATE_INFOPLIST_FILE = YES;
				IPHONEOS_DEPLOYMENT_TARGET = 18.1;
				MARKETING_VERSION = 1.0;
				PRODUCT_BUNDLE_IDENTIFIER = "zez.bsphp-app-demo-userTests";
				PRODUCT_NAME = "$(TARGET_NAME)";
				SWIFT_EMIT_LOC_STRINGS = NO;
				SWIFT_VERSION = 5.0;
				TARGETED_DEVICE_FAMILY = "1,2";
				TEST_HOST = "$(BUILT_PRODUCTS_DIR)/bsphp.app.demo.user.app/$(BUNDLE_EXECUTABLE_FOLDER_PATH)/bsphp.app.demo.user";
			};
			name = Debug;
		};
		776722942F6D9E970038D37C /* Release */ = {
			isa = XCBuildConfiguration;
			buildSettings = {
				BUNDLE_LOADER = "$(TEST_HOST)";
				CODE_SIGN_STYLE = Automatic;
				CURRENT_PROJECT_VERSION = 1;
				GENERATE_INFOPLIST_FILE = YES;
				IPHONEOS_DEPLOYMENT_TARGET = 18.1;
				MARKETING_VERSION = 1.0;
				PRODUCT_BUNDLE_IDENTIFIER = "zez.bsphp-app-demo-userTests";
				PRODUCT_NAME = "$(TARGET_NAME)";
				SWIFT_EMIT_LOC_STRINGS = NO;
				SWIFT_VERSION = 5.0;
				TARGETED_DEVICE_FAMILY = "1,2";
				TEST_HOST = "$(BUILT_PRODUCTS_DIR)/bsphp.app.demo.user.app/$(BUNDLE_EXECUTABLE_FOLDER_PATH)/bsphp.app.demo.user";
			};
			name = Release;
		};
		776722962F6D9E970038D37C /* Debug */ = {
			isa = XCBuildConfiguration;
			buildSettings = {
				CODE_SIGN_STYLE = Automatic;
				CURRENT_PROJECT_VERSION = 1;
				GENERATE_INFOPLIST_FILE = YES;
				MARKETING_VERSION = 1.0;
				PRODUCT_BUNDLE_IDENTIFIER = "zez.bsphp-app-demo-userUITests";
				PRODUCT_NAME = "$(TARGET_NAME)";
				SWIFT_EMIT_LOC_STRINGS = NO;
				SWIFT_VERSION = 5.0;
				TARGETED_DEVICE_FAMILY = "1,2";
				TEST_TARGET_NAME = bsphp.app.demo.user;
			};
			name = Debug;
		};
		776722972F6D9E970038D37C /* Release */ = {
			isa = XCBuildConfiguration;
			buildSettings = {
				CODE_SIGN_STYLE = Automatic;
				CURRENT_PROJECT_VERSION = 1;
				GENERATE_INFOPLIST_FILE = YES;
				MARKETING_VERSION = 1.0;
				PRODUCT_BUNDLE_IDENTIFIER = "zez.bsphp-app-demo-userUITests";
				PRODUCT_NAME = "$(TARGET_NAME)";
				SWIFT_EMIT_LOC_STRINGS = NO;
				SWIFT_VERSION = 5.0;
				TARGETED_DEVICE_FAMILY = "1,2";
				TEST_TARGET_NAME = bsphp.app.demo.user;
			};
			name = Release;
		};
/* End XCBuildConfiguration section */

/* Begin XCConfigurationList section */
		776722662F6D9E960038D37C /* Build configuration list for PBXProject "bsphp.app.demo.user" */ = {
			isa = XCConfigurationList;
			buildConfigurations = (
				7767228D2F6D9E970038D37C /* Debug */,
				7767228E2F6D9E970038D37C /* Release */,
			);
			defaultConfigurationIsVisible = 0;
			defaultConfigurationName = Release;
		};
		7767228F2F6D9E970038D37C /* Build configuration list for PBXNativeTarget "bsphp.app.demo.user" */ = {
			isa = XCConfigurationList;
			buildConfigurations = (
				776722902F6D9E970038D37C /* Debug */,
				776722912F6D9E970038D37C /* Release */,
			);
			defaultConfigurationIsVisible = 0;
			defaultConfigurationName = Release;
		};
		776722922F6D9E970038D37C /* Build configuration list for PBXNativeTarget "bsphp.app.demo.userTests" */ = {
			isa = XCConfigurationList;
			buildConfigurations = (
				776722932F6D9E970038D37C /* Debug */,
				776722942F6D9E970038D37C /* Release */,
			);
			defaultConfigurationIsVisible = 0;
			defaultConfigurationName = Release;
		};
		776722952F6D9E970038D37C /* Build configuration list for PBXNativeTarget "bsphp.app.demo.userUITests" */ = {
			isa = XCConfigurationList;
			buildConfigurations = (
				776722962F6D9E970038D37C /* Debug */,
				776722972F6D9E970038D37C /* Release */,
			);
			defaultConfigurationIsVisible = 0;
			defaultConfigurationName = Release;
		};
/* End XCConfigurationList section */
	};
	rootObject = 776722632F6D9E960038D37C /* Project object */;
}
