// !$*UTF8*$!
{
	archiveVersion = 1;
	classes = {
	};
	objectVersion = 77;
	objects = {

/* Begin PBXBuildFile section */
		A1BFBASE012F703C69008934D2 /* Foundation.framework in Frameworks */ = {isa = PBXBuildFile; fileRef = A1FRBASE012F703C69008934D2 /* Foundation.framework */; };
		A1FBSEC012F703C69008934D2 /* Security.framework in Frameworks */ = {isa = PBXBuildFile; fileRef = A1FRSEC012F703C69008934D2 /* Security.framework */; };
		A1FBADS012F703C69008934D2 /* AdSupport.framework in Frameworks */ = {isa = PBXBuildFile; fileRef = A1FRADS012F703C69008934D2 /* AdSupport.framework */; };
		A1FBUIK012F703C69008934D2 /* UIKit.framework in Frameworks */ = {isa = PBXBuildFile; fileRef = A1FRUIK012F703C69008934D2 /* UIKit.framework */; };
		A1BFCOPY012F703C69008934D2 /* libdylib.ios.card.dylib in CopyFiles */ = {isa = PBXBuildFile; fileRef = 776F684B2F703C69008934D2 /* libdylib.ios.card.dylib */; settings = {ATTRIBUTES = (CodeSignOnCopy, ); }; };
		A1BFSRCVH012F703C69008934D2 /* AppDelegate.swift in Sources */ = {isa = PBXBuildFile; fileRef = A1FRSWIFT012F703C69008934D2 /* AppDelegate.swift */; };
		A1FBFH012F703C69008934D2 /* Foundation.framework in VerifyHost Frameworks */ = {isa = PBXBuildFile; fileRef = A1FRBASE012F703C69008934D2 /* Foundation.framework */; };
		A1FBUH012F703C69008934D2 /* UIKit.framework in VerifyHost Frameworks */ = {isa = PBXBuildFile; fileRef = A1FRUIK012F703C69008934D2 /* UIKit.framework */; };
/* End PBXBuildFile section */

/* Begin PBXContainerItemProxy section */
		A1PROXY012F703C69008934D2 /* PBXContainerItemProxy */ = {
			isa = PBXContainerItemProxy;
			containerPortal = 776F68432F703C69008934D2 /* Project object */;
			proxyType = 1;
			remoteGlobalIDString = 776F684A2F703C69008934D2;
			remoteInfo = "dylib.ios.card";
		};
/* End PBXContainerItemProxy section */

/* Begin PBXCopyFilesBuildPhase section */
		A1COPYDY012F703C69008934D2 /* Copy libdylib.ios.card.dylib */ = {
			isa = PBXCopyFilesBuildPhase;
			buildActionMask = 2147483647;
			dstPath = "";
			dstSubfolderSpec = 6;
			files = (
				A1BFCOPY012F703C69008934D2 /* libdylib.ios.card.dylib in CopyFiles */,
			);
			name = "Copy libdylib.ios.card.dylib";
			runOnlyForDeploymentPostprocessing = 0;
		};
/* End PBXCopyFilesBuildPhase section */

/* Begin PBXFileReference section */
		776F684B2F703C69008934D2 /* libdylib.ios.card.dylib */ = {isa = PBXFileReference; explicitFileType = "compiled.mach-o.dylib"; includeInIndex = 0; path = libdylib.ios.card.dylib; sourceTree = BUILT_PRODUCTS_DIR; };
		A1FRBASE012F703C69008934D2 /* Foundation.framework */ = {isa = PBXFileReference; lastKnownFileType = wrapper.framework; name = Foundation.framework; path = System/Library/Frameworks/Foundation.framework; sourceTree = SDKROOT; };
		A1FRSEC012F703C69008934D2 /* Security.framework */ = {isa = PBXFileReference; lastKnownFileType = wrapper.framework; name = Security.framework; path = System/Library/Frameworks/Security.framework; sourceTree = SDKROOT; };
		A1FRADS012F703C69008934D2 /* AdSupport.framework */ = {isa = PBXFileReference; lastKnownFileType = wrapper.framework; name = AdSupport.framework; path = System/Library/Frameworks/AdSupport.framework; sourceTree = SDKROOT; };
		A1FRUIK012F703C69008934D2 /* UIKit.framework */ = {isa = PBXFileReference; lastKnownFileType = wrapper.framework; name = UIKit.framework; path = System/Library/Frameworks/UIKit.framework; sourceTree = SDKROOT; };
		A1VHAPP012F703C69008934D2 /* VerifyHost.app */ = {isa = PBXFileReference; explicitFileType = wrapper.application; includeInIndex = 0; path = VerifyHost.app; sourceTree = BUILT_PRODUCTS_DIR; };
		A1FRSWIFT012F703C69008934D2 /* AppDelegate.swift */ = {isa = PBXFileReference; lastKnownFileType = sourcecode.swift; path = AppDelegate.swift; sourceTree = "<group>"; };
		A1FRPLIST012F703C69008934D2 /* Info.plist */ = {isa = PBXFileReference; lastKnownFileType = text.plist.xml; path = Info.plist; sourceTree = "<group>"; };
/* End PBXFileReference section */

/* Begin PBXFileSystemSynchronizedRootGroup section */
		776F684D2F703C69008934D2 /* dylib.ios.card */ = {
			isa = PBXFileSystemSynchronizedRootGroup;
			path = dylib.ios.card;
			sourceTree = "<group>";
		};
/* End PBXFileSystemSynchronizedRootGroup section */

/* Begin PBXFrameworksBuildPhase section */
		776F68482F703C69008934D2 /* Frameworks */ = {
			isa = PBXFrameworksBuildPhase;
			buildActionMask = 2147483647;
			files = (
				A1BFBASE012F703C69008934D2 /* Foundation.framework in Frameworks */,
				A1FBSEC012F703C69008934D2 /* Security.framework in Frameworks */,
				A1FBADS012F703C69008934D2 /* AdSupport.framework in Frameworks */,
				A1FBUIK012F703C69008934D2 /* UIKit.framework in Frameworks */,
			);
			runOnlyForDeploymentPostprocessing = 0;
		};
		A1FWVH012F703C69008934D2 /* Frameworks */ = {
			isa = PBXFrameworksBuildPhase;
			buildActionMask = 2147483647;
			files = (
				A1FBFH012F703C69008934D2 /* Foundation.framework in VerifyHost Frameworks */,
				A1FBUH012F703C69008934D2 /* UIKit.framework in VerifyHost Frameworks */,
			);
			runOnlyForDeploymentPostprocessing = 0;
		};
/* End PBXFrameworksBuildPhase section */

/* Begin PBXGroup section */
		776F68422F703C69008934D2 = {
			isa = PBXGroup;
			children = (
				776F684D2F703C69008934D2 /* dylib.ios.card */,
				A1GRPVERIFY012F703C69008934D2 /* VerifyHost */,
				776F684C2F703C69008934D2 /* Products */,
				A1GRPFRAME012F703C69008934D2 /* Frameworks */,
			);
			sourceTree = "<group>";
		};
		776F684C2F703C69008934D2 /* Products */ = {
			isa = PBXGroup;
			children = (
				776F684B2F703C69008934D2 /* libdylib.ios.card.dylib */,
				A1VHAPP012F703C69008934D2 /* VerifyHost.app */,
			);
			name = Products;
			sourceTree = "<group>";
		};
		A1GRPVERIFY012F703C69008934D2 /* VerifyHost */ = {
			isa = PBXGroup;
			children = (
				A1FRSWIFT012F703C69008934D2 /* AppDelegate.swift */,
				A1FRPLIST012F703C69008934D2 /* Info.plist */,
			);
			path = VerifyHost;
			sourceTree = "<group>";
		};
		A1GRPFRAME012F703C69008934D2 /* Frameworks */ = {
			isa = PBXGroup;
			children = (
				A1FRBASE012F703C69008934D2 /* Foundation.framework */,
				A1FRUIK012F703C69008934D2 /* UIKit.framework */,
				A1FRSEC012F703C69008934D2 /* Security.framework */,
				A1FRADS012F703C69008934D2 /* AdSupport.framework */,
			);
			name = Frameworks;
			sourceTree = "<group>";
		};
/* End PBXGroup section */

/* Begin PBXNativeTarget section */
		776F684A2F703C69008934D2 /* dylib.ios.card */ = {
			isa = PBXNativeTarget;
			buildConfigurationList = 776F68522F703C69008934D2 /* Build configuration list for PBXNativeTarget "dylib.ios.card" */;
			buildPhases = (
				776F68472F703C69008934D2 /* Sources */,
				776F68482F703C69008934D2 /* Frameworks */,
			);
			buildRules = (
			);
			dependencies = (
			);
			fileSystemSynchronizedGroups = (
				776F684D2F703C69008934D2 /* dylib.ios.card */,
			);
			name = "dylib.ios.card";
			packageProductDependencies = (
			);
			productName = "dylib.ios.card";
			productReference = 776F684B2F703C69008934D2 /* libdylib.ios.card.dylib */;
			productType = "com.apple.product-type.library.dynamic";
		};
		A1VHNT012F703C69008934D2 /* VerifyHost */ = {
			isa = PBXNativeTarget;
			buildConfigurationList = A1CFGVH012F703C69008934D2 /* Build configuration list for PBXNativeTarget "VerifyHost" */;
			buildPhases = (
				A1SRCVH012F703C69008934D2 /* Sources */,
				A1FWVH012F703C69008934D2 /* Frameworks */,
				A1COPYDY012F703C69008934D2 /* Copy libdylib.ios.card.dylib */,
			);
			buildRules = (
			);
			dependencies = (
				A1DEPVH012F703C69008934D2 /* PBXTargetDependency */,
			);
			name = VerifyHost;
			packageProductDependencies = (
			);
			productName = VerifyHost;
			productReference = A1VHAPP012F703C69008934D2 /* VerifyHost.app */;
			productType = "com.apple.product-type.application";
		};
/* End PBXNativeTarget section */

/* Begin PBXProject section */
		776F68432F703C69008934D2 /* Project object */ = {
			isa = PBXProject;
			attributes = {
				BuildIndependentTargetsInParallel = 1;
				LastSwiftUpdateCheck = 1610;
				LastUpgradeCheck = 1610;
				TargetAttributes = {
					776F684A2F703C69008934D2 = {
						CreatedOnToolsVersion = 16.1;
					};
					A1VHNT012F703C69008934D2 = {
						CreatedOnToolsVersion = 16.1;
					};
				};
			};
			buildConfigurationList = 776F68462F703C69008934D2 /* Build configuration list for PBXProject "dylib.ios.card" */;
			developmentRegion = en;
			hasScannedForEncodings = 0;
			knownRegions = (
				en,
				Base,
			);
			mainGroup = 776F68422F703C69008934D2;
			minimizedProjectReferenceProxies = 1;
			preferredProjectObjectVersion = 77;
			productRefGroup = 776F684C2F703C69008934D2 /* Products */;
			projectDirPath = "";
			projectRoot = "";
			targets = (
				776F684A2F703C69008934D2 /* dylib.ios.card */,
				A1VHNT012F703C69008934D2 /* VerifyHost */,
			);
		};
/* End PBXProject section */

/* Begin PBXSourcesBuildPhase section */
		776F68472F703C69008934D2 /* Sources */ = {
			isa = PBXSourcesBuildPhase;
			buildActionMask = 2147483647;
			files = (
			);
			runOnlyForDeploymentPostprocessing = 0;
		};
		A1SRCVH012F703C69008934D2 /* Sources */ = {
			isa = PBXSourcesBuildPhase;
			buildActionMask = 2147483647;
			files = (
				A1BFSRCVH012F703C69008934D2 /* AppDelegate.swift in Sources */,
			);
			runOnlyForDeploymentPostprocessing = 0;
		};
/* End PBXSourcesBuildPhase section */

/* Begin PBXTargetDependency section */
		A1DEPVH012F703C69008934D2 /* PBXTargetDependency */ = {
			isa = PBXTargetDependency;
			target = 776F684A2F703C69008934D2 /* dylib.ios.card */;
			targetProxy = A1PROXY012F703C69008934D2 /* PBXContainerItemProxy */;
		};
/* End PBXTargetDependency section */

/* Begin XCBuildConfiguration section */
		776F68502F703C69008934D2 /* Debug */ = {
			isa = XCBuildConfiguration;
			buildSettings = {
				ALWAYS_SEARCH_USER_PATHS = NO;
				ASSETCATALOG_COMPILER_GENERATE_SWIFT_ASSET_SYMBOL_EXTENSIONS = YES;
				CLANG_ANALYZER_NONNULL = YES;
				CLANG_ANALYZER_NUMBER_OBJECT_CONVERSION = YES_AGGRESSIVE;
				CLANG_CXX_LANGUAGE_STANDARD = "gnu++20";
				CLANG_ENABLE_MODULES = YES;
				CLANG_ENABLE_OBJC_ARC = YES;
				CLANG_ENABLE_OBJC_WEAK = YES;
				CLANG_WARN_BLOCK_CAPTURE_AUTORELEASING = YES;
				CLANG_WARN_BOOL_CONVERSION = YES;
				CLANG_WARN_COMMA = YES;
				CLANG_WARN_CONSTANT_CONVERSION = YES;
				CLANG_WARN_DEPRECATED_OBJC_IMPLEMENTATIONS = YES;
				CLANG_WARN_DIRECT_OBJC_ISA_USAGE = YES_ERROR;
				CLANG_WARN_DOCUMENTATION_COMMENTS = YES;
				CLANG_WARN_EMPTY_BODY = YES;
				CLANG_WARN_ENUM_CONVERSION = YES;
				CLANG_WARN_INFINITE_RECURSION = YES;
				CLANG_WARN_INT_CONVERSION = YES;
				CLANG_WARN_NON_LITERAL_NULL_CONVERSION = YES;
				CLANG_WARN_OBJC_IMPLICIT_RETAIN_SELF = YES;
				CLANG_WARN_OBJC_LITERAL_CONVERSION = YES;
				CLANG_WARN_OBJC_ROOT_CLASS = YES_ERROR;
				CLANG_WARN_QUOTED_INCLUDE_IN_FRAMEWORK_HEADER = YES;
				CLANG_WARN_RANGE_LOOP_ANALYSIS = YES;
				CLANG_WARN_STRICT_PROTOTYPES = YES;
				CLANG_WARN_SUSPICIOUS_MOVE = YES;
				CLANG_WARN_UNGUARDED_AVAILABILITY = YES_AGGRESSIVE;
				CLANG_WARN_UNREACHABLE_CODE = YES;
				CLANG_WARN__DUPLICATE_METHOD_MATCH = YES;
				COPY_PHASE_STRIP = NO;
				DEBUG_INFORMATION_FORMAT = dwarf;
				ENABLE_STRICT_OBJC_MSGSEND = YES;
				ENABLE_TESTABILITY = YES;
				ENABLE_USER_SCRIPT_SANDBOXING = YES;
				GCC_C_LANGUAGE_STANDARD = gnu17;
				GCC_DYNAMIC_NO_PIC = NO;
				GCC_NO_COMMON_BLOCKS = YES;
				GCC_OPTIMIZATION_LEVEL = 0;
				GCC_PREPROCESSOR_DEFINITIONS = (
					"DEBUG=1",
					"$(inherited)",
				);
				GCC_WARN_64_TO_32_BIT_CONVERSION = YES;
				GCC_WARN_ABOUT_RETURN_TYPE = YES_ERROR;
				GCC_WARN_UNDECLARED_SELECTOR = YES;
				GCC_WARN_UNINITIALIZED_AUTOS = YES_AGGRESSIVE;
				GCC_WARN_UNUSED_FUNCTION = YES;
				GCC_WARN_UNUSED_VARIABLE = YES;
				IPHONEOS_DEPLOYMENT_TARGET = 18.1;
				LOCALIZATION_PREFERS_STRING_CATALOGS = YES;
				MTL_ENABLE_DEBUG_INFO = INCLUDE_SOURCE;
				MTL_FAST_MATH = YES;
				ONLY_ACTIVE_ARCH = YES;
				SDKROOT = iphoneos;
				SWIFT_ACTIVE_COMPILATION_CONDITIONS = "DEBUG $(inherited)";
				SWIFT_OPTIMIZATION_LEVEL = "-Onone";
			};
			name = Debug;
		};
		776F68512F703C69008934D2 /* Release */ = {
			isa = XCBuildConfiguration;
			buildSettings = {
				ALWAYS_SEARCH_USER_PATHS = NO;
				ASSETCATALOG_COMPILER_GENERATE_SWIFT_ASSET_SYMBOL_EXTENSIONS = YES;
				CLANG_ANALYZER_NONNULL = YES;
				CLANG_ANALYZER_NUMBER_OBJECT_CONVERSION = YES_AGGRESSIVE;
				CLANG_CXX_LANGUAGE_STANDARD = "gnu++20";
				CLANG_ENABLE_MODULES = YES;
				CLANG_ENABLE_OBJC_ARC = YES;
				CLANG_ENABLE_OBJC_WEAK = YES;
				CLANG_WARN_BLOCK_CAPTURE_AUTORELEASING = YES;
				CLANG_WARN_BOOL_CONVERSION = YES;
				CLANG_WARN_COMMA = YES;
				CLANG_WARN_CONSTANT_CONVERSION = YES;
				CLANG_WARN_DEPRECATED_OBJC_IMPLEMENTATIONS = YES;
				CLANG_WARN_DIRECT_OBJC_ISA_USAGE = YES_ERROR;
				CLANG_WARN_DOCUMENTATION_COMMENTS = YES;
				CLANG_WARN_EMPTY_BODY = YES;
				CLANG_WARN_ENUM_CONVERSION = YES;
				CLANG_WARN_INFINITE_RECURSION = YES;
				CLANG_WARN_INT_CONVERSION = YES;
				CLANG_WARN_NON_LITERAL_NULL_CONVERSION = YES;
				CLANG_WARN_OBJC_IMPLICIT_RETAIN_SELF = YES;
				CLANG_WARN_OBJC_LITERAL_CONVERSION = YES;
				CLANG_WARN_OBJC_ROOT_CLASS = YES_ERROR;
				CLANG_WARN_QUOTED_INCLUDE_IN_FRAMEWORK_HEADER = YES;
				CLANG_WARN_RANGE_LOOP_ANALYSIS = YES;
				CLANG_WARN_STRICT_PROTOTYPES = YES;
				CLANG_WARN_SUSPICIOUS_MOVE = YES;
				CLANG_WARN_UNGUARDED_AVAILABILITY = YES_AGGRESSIVE;
				CLANG_WARN_UNREACHABLE_CODE = YES;
				CLANG_WARN__DUPLICATE_METHOD_MATCH = YES;
				COPY_PHASE_STRIP = NO;
				DEBUG_INFORMATION_FORMAT = "dwarf-with-dsym";
				ENABLE_NS_ASSERTIONS = NO;
				ENABLE_STRICT_OBJC_MSGSEND = YES;
				ENABLE_USER_SCRIPT_SANDBOXING = YES;
				GCC_C_LANGUAGE_STANDARD = gnu17;
				GCC_NO_COMMON_BLOCKS = YES;
				GCC_WARN_64_TO_32_BIT_CONVERSION = YES;
				GCC_WARN_ABOUT_RETURN_TYPE = YES_ERROR;
				GCC_WARN_UNDECLARED_SELECTOR = YES;
				GCC_WARN_UNINITIALIZED_AUTOS = YES_AGGRESSIVE;
				GCC_WARN_UNUSED_FUNCTION = YES;
				GCC_WARN_UNUSED_VARIABLE = YES;
				IPHONEOS_DEPLOYMENT_TARGET = 18.1;
				LOCALIZATION_PREFERS_STRING_CATALOGS = YES;
				MTL_ENABLE_DEBUG_INFO = NO;
				MTL_FAST_MATH = YES;
				SDKROOT = iphoneos;
				SWIFT_COMPILATION_MODE = wholemodule;
				VALIDATE_PRODUCT = YES;
			};
			name = Release;
		};
		776F68532F703C69008934D2 /* Debug */ = {
			isa = XCBuildConfiguration;
			buildSettings = {
				CODE_SIGN_STYLE = Automatic;
				DEFINES_MODULE = YES;
				DYLIB_COMPATIBILITY_VERSION = 1;
				DYLIB_CURRENT_VERSION = 1;
				EXECUTABLE_PREFIX = lib;
				OTHER_LDFLAGS = (
					"$(inherited)",
					"-ObjC",
				);
				PRODUCT_MODULE_NAME = dylib_ios_card;
				PRODUCT_NAME = "$(TARGET_NAME)";
				SKIP_INSTALL = YES;
				SWIFT_OBJC_INTERFACE_HEADER_NAME = "dylib_ios_card-Swift.h";
				SWIFT_VERSION = 5.0;
				TARGETED_DEVICE_FAMILY = "1,2";
			};
			name = Debug;
		};
		776F68542F703C69008934D2 /* Release */ = {
			isa = XCBuildConfiguration;
			buildSettings = {
				CODE_SIGN_STYLE = Automatic;
				DEFINES_MODULE = YES;
				DYLIB_COMPATIBILITY_VERSION = 1;
				DYLIB_CURRENT_VERSION = 1;
				EXECUTABLE_PREFIX = lib;
				OTHER_LDFLAGS = (
					"$(inherited)",
					"-ObjC",
				);
				PRODUCT_MODULE_NAME = dylib_ios_card;
				PRODUCT_NAME = "$(TARGET_NAME)";
				SKIP_INSTALL = YES;
				SWIFT_OBJC_INTERFACE_HEADER_NAME = "dylib_ios_card-Swift.h";
				SWIFT_VERSION = 5.0;
				TARGETED_DEVICE_FAMILY = "1,2";
			};
			name = Release;
		};
		A1CFGVHDBG012F703C69008934D2 /* Debug */ = {
			isa = XCBuildConfiguration;
			buildSettings = {
				ASSETCATALOG_COMPILER_APPICON_NAME = "";
				CODE_SIGN_STYLE = Automatic;
				CURRENT_PROJECT_VERSION = 1;
				GENERATE_INFOPLIST_FILE = NO;
				INFOPLIST_FILE = VerifyHost/Info.plist;
				INFOPLIST_KEY_CFBundleDisplayName = VerifyHost;
				IPHONEOS_DEPLOYMENT_TARGET = 18.1;
				LD_RUNPATH_SEARCH_PATHS = (
					"$(inherited)",
					"@executable_path/Frameworks",
				);
				MARKETING_VERSION = 1.0;
				PRODUCT_BUNDLE_IDENTIFIER = com.bsphp.dylib.ios.card.verifyhost;
				PRODUCT_NAME = "$(TARGET_NAME)";
				SWIFT_VERSION = 5.0;
				TARGETED_DEVICE_FAMILY = "1,2";
			};
			name = Debug;
		};
		A1CFGVHREL012F703C69008934D2 /* Release */ = {
			isa = XCBuildConfiguration;
			buildSettings = {
				ASSETCATALOG_COMPILER_APPICON_NAME = "";
				CODE_SIGN_STYLE = Automatic;
				CURRENT_PROJECT_VERSION = 1;
				GENERATE_INFOPLIST_FILE = NO;
				INFOPLIST_FILE = VerifyHost/Info.plist;
				INFOPLIST_KEY_CFBundleDisplayName = VerifyHost;
				IPHONEOS_DEPLOYMENT_TARGET = 18.1;
				LD_RUNPATH_SEARCH_PATHS = (
					"$(inherited)",
					"@executable_path/Frameworks",
				);
				MARKETING_VERSION = 1.0;
				PRODUCT_BUNDLE_IDENTIFIER = com.bsphp.dylib.ios.card.verifyhost;
				PRODUCT_NAME = "$(TARGET_NAME)";
				SWIFT_VERSION = 5.0;
				TARGETED_DEVICE_FAMILY = "1,2";
			};
			name = Release;
		};
/* End XCBuildConfiguration section */

/* Begin XCConfigurationList section */
		776F68462F703C69008934D2 /* Build configuration list for PBXProject "dylib.ios.card" */ = {
			isa = XCConfigurationList;
			buildConfigurations = (
				776F68502F703C69008934D2 /* Debug */,
				776F68512F703C69008934D2 /* Release */,
			);
			defaultConfigurationIsVisible = 0;
			defaultConfigurationName = Release;
		};
		776F68522F703C69008934D2 /* Build configuration list for PBXNativeTarget "dylib.ios.card" */ = {
			isa = XCConfigurationList;
			buildConfigurations = (
				776F68532F703C69008934D2 /* Debug */,
				776F68542F703C69008934D2 /* Release */,
			);
			defaultConfigurationIsVisible = 0;
			defaultConfigurationName = Release;
		};
		A1CFGVH012F703C69008934D2 /* Build configuration list for PBXNativeTarget "VerifyHost" */ = {
			isa = XCConfigurationList;
			buildConfigurations = (
				A1CFGVHDBG012F703C69008934D2 /* Debug */,
				A1CFGVHREL012F703C69008934D2 /* Release */,
			);
			defaultConfigurationIsVisible = 0;
			defaultConfigurationName = Release;
		};
/* End XCConfigurationList section */
	};
	rootObject = 776F68432F703C69008934D2 /* Project object */;
}
